<?xml version="1.0" encoding="utf-8"?>
<Project ToolsVersion="4.0" xmlns="http://schemas.microsoft.com/developer/msbuild/2003">
  <ItemGroup>
    <Filter Include="Source Files">
      <UniqueIdentifier>{4FC737F1-C7A5-4376-A066-2A32D752A2FF}</UniqueIdentifier>
      <Extensions>cpp;c;cc;cxx;c++;cppm;ixx;def;odl;idl;hpj;bat;asm;asmx</Extensions>
    </Filter>
    <Filter Include="Header Files">
      <UniqueIdentifier>{93995380-89BD-4b04-88EB-625FBE52EBFB}</UniqueIdentifier>
      <Extensions>h;hh;hpp;hxx;h++;hm;inl;inc;ipp;xsd</Extensions>
    </Filter>
    <Filter Include="Resource Files">
      <UniqueIdentifier>{67DA6AB6-F800-4c08-8B7A-83BB121AAD01}</UniqueIdentifier>
      <Extensions>rc;ico;cur;bmp;dlg;rc2;rct;bin;rgs;gif;jpg;jpeg;jpe;resx;tiff;tif;png;wav;mfcribbon-ms</Extensions>
    </Filter>
    <Filter Include="Source Files\Fisiere vechi">
      <UniqueIdentifier>{50ab10a8-627e-4c00-a8b8-e434c21ccc9b}</UniqueIdentifier>
    </Filter>
  </ItemGroup>
  <ItemGroup>
    <None Include="cartele.in">
      <Filter>Source Files\Fisiere vechi</Filter>
    </None>
    <None Include="cartele.out">
      <Filter>Source Files\Fisiere vechi</Filter>
    </None>
    <None Include="culori1.in">
      <Filter>Source Files\Fisiere vechi</Filter>
    </None>
    <None Include="culori1.out">
      <Filter>Source Files\Fisiere vechi</Filter>
    </None>
    <None Include="triunghi3.in">
      <Filter>Source Files\Fisiere vechi</Filter>
    </None>
    <None Include="triunghi3.out">
      <Filter>Source Files\Fisiere vechi</Filter>
    </None>
    <None Include="vecini_buni.in">
      <Filter>Source Files\Fisiere vechi</Filter>
    </None>
    <None Include="vecini_buni.out">
      <Filter>Source Files\Fisiere vechi</Filter>
    </None>
    <None Include="volei1.in">
      <Filter>Source Files\Fisiere vechi</Filter>
    </None>
    <None Include="volei1.out">
      <Filter>Source Files\Fisiere vechi</Filter>
    </None>
    <None Include="traseu2.out">
      <Filter>Source Files\Fisiere vechi</Filter>
    </None>
    <None Include="traseu2.in">
      <Filter>Source Files\Fisiere vechi</Filter>
    </None>
    <None Include="arrows.out">
      <Filter>Source Files\Fisiere vechi</Filter>
    </None>
    <None Include="sumainsecv.out">
      <Filter>Source Files\Fisiere vechi</Filter>
    </None>
    <None Include="sumainsecv.in">
      <Filter>Source Files\Fisiere vechi</Filter>
    </None>
    <None Include="secvk.in">
      <Filter>Source Files\Fisiere vechi</Filter>
    </None>
    <None Include="secvk.out">
      <Filter>Source Files\Fisiere vechi</Filter>
    </None>
    <None Include="elicop.out">
      <Filter>Source Files\Fisiere vechi</Filter>
    </None>
    <None Include="elicop.in">
      <Filter>Source Files\Fisiere vechi</Filter>
    </None>
    <None Include="roata.in">
      <Filter>Source Files\Fisiere vechi</Filter>
    </None>
    <None Include="roata.out">
      <Filter>Source Files\Fisiere vechi</Filter>
    </None>
    <None Include="maxdiv.out">
      <Filter>Source Files\Fisiere vechi</Filter>
    </None>
    <None Include="maxdiv.in">
      <Filter>Source Files\Fisiere vechi</Filter>
    </None>
    <None Include="broscute.out">
      <Filter>Source Files\Fisiere vechi</Filter>
    </None>
    <None Include="broscute.in">
      <Filter>Source Files\Fisiere vechi</Filter>
    </None>
    <None Include="concurs4.out">
      <Filter>Source Files\Fisiere vechi</Filter>
    </None>
    <None Include="concurs4.in">
      <Filter>Source Files\Fisiere vechi</Filter>
    </None>
    <None Include="tan.out">
      <Filter>Source Files\Fisiere vechi</Filter>
    </None>
    <None Include="tan.in">
      <Filter>Source Files\Fisiere vechi</Filter>
    </None>
    <None Include="pareimpare.out">
      <Filter>Source Files\Fisiere vechi</Filter>
    </None>
    <None Include="pareimpare.in">
      <Filter>Source Files\Fisiere vechi</Filter>
    </None>
    <None Include="defrag.out">
      <Filter>Source Files\Fisiere vechi</Filter>
    </None>
    <None Include="defrag.in">
      <Filter>Source Files\Fisiere vechi</Filter>
    </None>
    <None Include="arc.out">
      <Filter>Source Files\Fisiere vechi</Filter>
    </None>
    <None Include="arc.in">
      <Filter>Source Files\Fisiere vechi</Filter>
    </None>
    <None Include="colina.out">
      <Filter>Source Files\Fisiere vechi</Filter>
    </None>
    <None Include="colina.in">
      <Filter>Source Files\Fisiere vechi</Filter>
    </None>
    <None Include="cifre12.out">
      <Filter>Source Files\Fisiere vechi</Filter>
    </None>
    <None Include="cifre12.in">
      <Filter>Source Files\Fisiere vechi</Filter>
    </None>
    <None Include="betisoare1.out">
      <Filter>Source Files\Fisiere vechi</Filter>
    </None>
    <None Include="betisoare1.in">
      <Filter>Source Files\Fisiere vechi</Filter>
    </None>
    <None Include="3cifre.in">
      <Filter>Source Files\Fisiere vechi</Filter>
    </None>
    <None Include="3cifre.out">
      <Filter>Source Files\Fisiere vechi</Filter>
    </None>
    <None Include="roboti2.in">
      <Filter>Source Files\Fisiere vechi</Filter>
    </None>
    <None Include="roboti2.out">
      <Filter>Source Files\Fisiere vechi</Filter>
    </None>
    <None Include="castel.in">
      <Filter>Source Files\Fisiere vechi</Filter>
    </None>
    <None Include="numere23.out">
      <Filter>Source Files\Fisiere vechi</Filter>
    </None>
    <None Include="numere23.in">
      <Filter>Source Files\Fisiere vechi</Filter>
    </None>
    <None Include="tnia.out">
      <Filter>Source Files\Fisiere vechi</Filter>
    </None>
    <None Include="tnia.in">
      <Filter>Source Files\Fisiere vechi</Filter>
    </None>
    <None Include="panglica.out">
      <Filter>Source Files\Fisiere vechi</Filter>
    </None>
    <None Include="panglica.in">
      <Filter>Source Files\Fisiere vechi</Filter>
    </None>
    <None Include="numere.out">
      <Filter>Source Files\Fisiere vechi</Filter>
    </None>
    <None Include="numere.in">
      <Filter>Source Files\Fisiere vechi</Filter>
    </None>
    <None Include="cufar.out">
      <Filter>Source Files\Fisiere vechi</Filter>
    </None>
    <None Include="cufar.in">
      <Filter>Source Files\Fisiere vechi</Filter>
    </None>
    <None Include="cifre3.out">
      <Filter>Source Files\Fisiere vechi</Filter>
    </None>
    <None Include="cifre3.in">
      <Filter>Source Files\Fisiere vechi</Filter>
    </None>
    <None Include="prietene.out">
      <Filter>Source Files\Fisiere vechi</Filter>
    </None>
    <None Include="prietene.in">
      <Filter>Source Files\Fisiere vechi</Filter>
    </None>
    <None Include="pdif.out">
      <Filter>Source Files\Fisiere vechi</Filter>
    </None>
    <None Include="pdif.in">
      <Filter>Source Files\Fisiere vechi</Filter>
    </None>
    <None Include="binar.out">
      <Filter>Source Files\Fisiere vechi</Filter>
    </None>
    <None Include="binar.in">
      <Filter>Source Files\Fisiere vechi</Filter>
    </None>
    <None Include="fadema.in">
      <Filter>Source Files\Fisiere vechi</Filter>
    </None>
    <None Include="fadema.out">
      <Filter>Source Files\Fisiere vechi</Filter>
    </None>
    <None Include="galerie.in">
      <Filter>Source Files\Fisiere vechi</Filter>
    </None>
    <None Include="galerie.out">
      <Filter>Source Files\Fisiere vechi</Filter>
    </None>
    <None Include="lasere.in">
      <Filter>Source Files\Fisiere vechi</Filter>
    </None>
    <None Include="lasere.out">
      <Filter>Source Files\Fisiere vechi</Filter>
    </None>
    <None Include="chei.out">
      <Filter>Source Files\Fisiere vechi</Filter>
    </None>
    <None Include="chei.in">
      <Filter>Source Files\Fisiere vechi</Filter>
    </None>
    <None Include="campionat.out">
      <Filter>Source Files\Fisiere vechi</Filter>
    </None>
    <None Include="campionat.in">
      <Filter>Source Files\Fisiere vechi</Filter>
    </None>
    <None Include="grup.out">
      <Filter>Source Files\Fisiere vechi</Filter>
    </None>
    <None Include="grup.in">
      <Filter>Source Files\Fisiere vechi</Filter>
    </None>
    <None Include="cri.out">
      <Filter>Source Files\Fisiere vechi</Filter>
    </None>
    <None Include="cri.in">
      <Filter>Source Files\Fisiere vechi</Filter>
    </None>
    <None Include="oneout.in">
      <Filter>Source Files</Filter>
    </None>
    <None Include="deminare.in">
      <Filter>Source Files</Filter>
    </None>
    <None Include="deminare.out">
      <Filter>Source Files</Filter>
    </None>
    <None Include="balba.in">
      <Filter>Source Files\Fisiere vechi</Filter>
    </None>
    <None Include="pergament.in">
      <Filter>Source Files\Fisiere vechi</Filter>
    </None>
    <None Include="patratele.out">
      <Filter>Source Files\Fisiere vechi</Filter>
    </None>
    <None Include="patratele.in">
      <Filter>Source Files\Fisiere vechi</Filter>
    </None>
    <None Include="oneout.out">
      <Filter>Source Files</Filter>
    </None>
  </ItemGroup>
  <ItemGroup>
    <Text Include="factori.out">
      <Filter>Source Files\Fisiere vechi</Filter>
    </Text>
    <Text Include="factori.in">
      <Filter>Source Files\Fisiere vechi</Filter>
    </Text>
    <Text Include="arrows.in">
      <Filter>Source Files\Fisiere vechi</Filter>
    </Text>
  </ItemGroup>
  <ItemGroup>
    <ClCompile Include="normal name impossible.cpp">
      <Filter>Source Files</Filter>
    </ClCompile>
  </ItemGroup>
</Project>